
Microsoft Visual Studio Solution File, Format Version 12.00
# Visual Studio Version 17
VisualStudioVersion = 17.11.35327.3
MinimumVisualStudioVersion = 10.0.40219.1
Project("{9A19103F-16F7-4668-BE54-9A1E7A4F7556}") = "CarWashManager", "CarWashManager\CarWashManager.csproj", "{1BD448F8-9040-47EA-A8B3-022478A97BC4}"
	ProjectSection(ProjectDependencies) = postProject
		{280726A7-01FE-4DF2-B059-B18A792A8067} = {280726A7-01FE-4DF2-B059-B18A792A8067}
	EndProjectSection
EndProject
Project("{9A19103F-16F7-4668-BE54-9A1E7A4F7556}") = "CarWashManager.BuisnessLogic", "CarWashManager.BuisnessLogic\CarWashManager.BuisnessLogic.csproj", "{280726A7-01FE-4DF2-B059-B18A792A8067}"
EndProject
Project("{9A19103F-16F7-4668-BE54-9A1E7A4F7556}") = "CarWashManager.DataAccess", "CarWashManager.DataAccess\CarWashManager.DataAccess.csproj", "{BC62031F-B949-4474-A441-87FB401C7F97}"
EndProject
Project("{9A19103F-16F7-4668-BE54-9A1E7A4F7556}") = "CarWashManager.Infrastructure", "CarWashManager.Infrastructure\CarWashManager.Infrastructure.csproj", "{42E030D1-B9D1-4D65-9122-E482656BBC5A}"
EndProject
Global
	GlobalSection(SolutionConfigurationPlatforms) = preSolution
		Debug|Any CPU = Debug|Any CPU
		Release|Any CPU = Release|Any CPU
	EndGlobalSection
	GlobalSection(ProjectConfigurationPlatforms) = postSolution
		{1BD448F8-9040-47EA-A8B3-022478A97BC4}.Debug|Any CPU.ActiveCfg = Debug|Any CPU
		{1BD448F8-9040-47EA-A8B3-022478A97BC4}.Debug|Any CPU.Build.0 = Debug|Any CPU
		{1BD448F8-9040-47EA-A8B3-022478A97BC4}.Release|Any CPU.ActiveCfg = Release|Any CPU
		{1BD448F8-9040-47EA-A8B3-022478A97BC4}.Release|Any CPU.Build.0 = Release|Any CPU
		{280726A7-01FE-4DF2-B059-B18A792A8067}.Debug|Any CPU.ActiveCfg = Debug|Any CPU
		{280726A7-01FE-4DF2-B059-B18A792A8067}.Debug|Any CPU.Build.0 = Debug|Any CPU
		{280726A7-01FE-4DF2-B059-B18A792A8067}.Release|Any CPU.ActiveCfg = Release|Any CPU
		{280726A7-01FE-4DF2-B059-B18A792A8067}.Release|Any CPU.Build.0 = Release|Any CPU
		{BC62031F-B949-4474-A441-87FB401C7F97}.Debug|Any CPU.ActiveCfg = Debug|Any CPU
		{BC62031F-B949-4474-A441-87FB401C7F97}.Debug|Any CPU.Build.0 = Debug|Any CPU
		{BC62031F-B949-4474-A441-87FB401C7F97}.Release|Any CPU.ActiveCfg = Release|Any CPU
		{BC62031F-B949-4474-A441-87FB401C7F97}.Release|Any CPU.Build.0 = Release|Any CPU
		{42E030D1-B9D1-4D65-9122-E482656BBC5A}.Debug|Any CPU.ActiveCfg = Debug|Any CPU
		{42E030D1-B9D1-4D65-9122-E482656BBC5A}.Debug|Any CPU.Build.0 = Debug|Any CPU
		{42E030D1-B9D1-4D65-9122-E482656BBC5A}.Release|Any CPU.ActiveCfg = Release|Any CPU
		{42E030D1-B9D1-4D65-9122-E482656BBC5A}.Release|Any CPU.Build.0 = Release|Any CPU
	EndGlobalSection
	GlobalSection(SolutionProperties) = preSolution
		HideSolutionNode = FALSE
	EndGlobalSection
	GlobalSection(ExtensibilityGlobals) = postSolution
		SolutionGuid = {A899682E-819C-4C20-B03A-B8DC04A7FE93}
	EndGlobalSection
EndGlobal
